
Microsoft Visual Studio Solution File, Format Version 12.00
# Visual Studio Version 16
VisualStudioVersion = 16.6.30114.105
MinimumVisualStudioVersion = 10.0.40219.1
Project("{FAE04EC0-301F-11D3-BF4B-00C04F79EFBC}") = "PasswordManagerTools", "PasswordManagerTools\PasswordManagerTools.csproj", "{659B9955-3BF5-47DC-A6E8-7B00563EC572}"
EndProject
Project("{FAE04EC0-301F-11D3-BF4B-00C04F79EFBC}") = "Tests", "Tests\Tests.csproj", "{528EF4C4-29F7-47DC-BDA9-80674600DBDB}"
EndProject
Project("{FAE04EC0-301F-11D3-BF4B-00C04F79EFBC}") = "PasswordManagerApp", "PasswordManagerApp\PasswordManagerApp.csproj", "{FF7EEF41-0028-414F-8409-874DDEFDAA41}"
EndProject
Global
	GlobalSection(SolutionConfigurationPlatforms) = preSolution
		Debug|Any CPU = Debug|Any CPU
		Debug|x64 = Debug|x64
		Debug|x86 = Debug|x86
		Release|Any CPU = Release|Any CPU
		Release|x64 = Release|x64
		Release|x86 = Release|x86
	EndGlobalSection
	GlobalSection(SolutionProperties) = preSolution
		HideSolutionNode = FALSE
	EndGlobalSection
	GlobalSection(ProjectConfigurationPlatforms) = postSolution
		{659B9955-3BF5-47DC-A6E8-7B00563EC572}.Debug|Any CPU.ActiveCfg = Debug|Any CPU
		{659B9955-3BF5-47DC-A6E8-7B00563EC572}.Debug|Any CPU.Build.0 = Debug|Any CPU
		{659B9955-3BF5-47DC-A6E8-7B00563EC572}.Debug|x64.ActiveCfg = Debug|Any CPU
		{659B9955-3BF5-47DC-A6E8-7B00563EC572}.Debug|x64.Build.0 = Debug|Any CPU
		{659B9955-3BF5-47DC-A6E8-7B00563EC572}.Debug|x86.ActiveCfg = Debug|Any CPU
		{659B9955-3BF5-47DC-A6E8-7B00563EC572}.Debug|x86.Build.0 = Debug|Any CPU
		{659B9955-3BF5-47DC-A6E8-7B00563EC572}.Release|Any CPU.ActiveCfg = Release|Any CPU
		{659B9955-3BF5-47DC-A6E8-7B00563EC572}.Release|Any CPU.Build.0 = Release|Any CPU
		{659B9955-3BF5-47DC-A6E8-7B00563EC572}.Release|x64.ActiveCfg = Release|Any CPU
		{659B9955-3BF5-47DC-A6E8-7B00563EC572}.Release|x64.Build.0 = Release|Any CPU
		{659B9955-3BF5-47DC-A6E8-7B00563EC572}.Release|x86.ActiveCfg = Release|Any CPU
		{659B9955-3BF5-47DC-A6E8-7B00563EC572}.Release|x86.Build.0 = Release|Any CPU
		{528EF4C4-29F7-47DC-BDA9-80674600DBDB}.Debug|Any CPU.ActiveCfg = Debug|Any CPU
		{528EF4C4-29F7-47DC-BDA9-80674600DBDB}.Debug|Any CPU.Build.0 = Debug|Any CPU
		{528EF4C4-29F7-47DC-BDA9-80674600DBDB}.Debug|x64.ActiveCfg = Debug|Any CPU
		{528EF4C4-29F7-47DC-BDA9-80674600DBDB}.Debug|x64.Build.0 = Debug|Any CPU
		{528EF4C4-29F7-47DC-BDA9-80674600DBDB}.Debug|x86.ActiveCfg = Debug|Any CPU
		{528EF4C4-29F7-47DC-BDA9-80674600DBDB}.Debug|x86.Build.0 = Debug|Any CPU
		{528EF4C4-29F7-47DC-BDA9-80674600DBDB}.Release|Any CPU.ActiveCfg = Release|Any CPU
		{528EF4C4-29F7-47DC-BDA9-80674600DBDB}.Release|Any CPU.Build.0 = Release|Any CPU
		{528EF4C4-29F7-47DC-BDA9-80674600DBDB}.Release|x64.ActiveCfg = Release|Any CPU
		{528EF4C4-29F7-47DC-BDA9-80674600DBDB}.Release|x64.Build.0 = Release|Any CPU
		{528EF4C4-29F7-47DC-BDA9-80674600DBDB}.Release|x86.ActiveCfg = Release|Any CPU
		{528EF4C4-29F7-47DC-BDA9-80674600DBDB}.Release|x86.Build.0 = Release|Any CPU
		{FF7EEF41-0028-414F-8409-874DDEFDAA41}.Debug|Any CPU.ActiveCfg = Debug|Any CPU
		{FF7EEF41-0028-414F-8409-874DDEFDAA41}.Debug|Any CPU.Build.0 = Debug|Any CPU
		{FF7EEF41-0028-414F-8409-874DDEFDAA41}.Debug|x64.ActiveCfg = Debug|Any CPU
		{FF7EEF41-0028-414F-8409-874DDEFDAA41}.Debug|x64.Build.0 = Debug|Any CPU
		{FF7EEF41-0028-414F-8409-874DDEFDAA41}.Debug|x86.ActiveCfg = Debug|Any CPU
		{FF7EEF41-0028-414F-8409-874DDEFDAA41}.Debug|x86.Build.0 = Debug|Any CPU
		{FF7EEF41-0028-414F-8409-874DDEFDAA41}.Release|Any CPU.ActiveCfg = Release|Any CPU
		{FF7EEF41-0028-414F-8409-874DDEFDAA41}.Release|Any CPU.Build.0 = Release|Any CPU
		{FF7EEF41-0028-414F-8409-874DDEFDAA41}.Release|x64.ActiveCfg = Release|Any CPU
		{FF7EEF41-0028-414F-8409-874DDEFDAA41}.Release|x64.Build.0 = Release|Any CPU
		{FF7EEF41-0028-414F-8409-874DDEFDAA41}.Release|x86.ActiveCfg = Release|Any CPU
		{FF7EEF41-0028-414F-8409-874DDEFDAA41}.Release|x86.Build.0 = Release|Any CPU
	EndGlobalSection
EndGlobal
